
Microsoft Visual Studio Solution File, Format Version 12.00
# Visual Studio Version 16
VisualStudioVersion = 16.0.30804.86
MinimumVisualStudioVersion = 10.0.40219.1
Project("{2150E333-8FDC-42A3-9474-1A3956D46DE8}") = "系统集成", "系统集成", "{C6503C59-318F-4B56-A25E-E59B1ABE5399}"
EndProject
Project("{FAE04EC0-301F-11D3-BF4B-00C04F79EFBC}") = "VisionPlatform", "VisionPlatform\VisionPlatform.csproj", "{CCF933F7-7480-413E-9AF6-4C171D5ECA5A}"
EndProject
Global
	GlobalSection(SolutionConfigurationPlatforms) = preSolution
		Debug|Any CPU = Debug|Any CPU
		Debug|x64 = Debug|x64
		Release|Any CPU = Release|Any CPU
		Release|x64 = Release|x64
	EndGlobalSection
	GlobalSection(ProjectConfigurationPlatforms) = postSolution
		{CCF933F7-7480-413E-9AF6-4C171D5ECA5A}.Debug|Any CPU.ActiveCfg = Debug|Any CPU
		{CCF933F7-7480-413E-9AF6-4C171D5ECA5A}.Debug|Any CPU.Build.0 = Debug|Any CPU
		{CCF933F7-7480-413E-9AF6-4C171D5ECA5A}.Debug|x64.ActiveCfg = Debug|x64
		{CCF933F7-7480-413E-9AF6-4C171D5ECA5A}.Debug|x64.Build.0 = Debug|x64
		{CCF933F7-7480-413E-9AF6-4C171D5ECA5A}.Release|Any CPU.ActiveCfg = Release|Any CPU
		{CCF933F7-7480-413E-9AF6-4C171D5ECA5A}.Release|Any CPU.Build.0 = Release|Any CPU
		{CCF933F7-7480-413E-9AF6-4C171D5ECA5A}.Release|x64.ActiveCfg = Release|x64
		{CCF933F7-7480-413E-9AF6-4C171D5ECA5A}.Release|x64.Build.0 = Release|x64
	EndGlobalSection
	GlobalSection(SolutionProperties) = preSolution
		HideSolutionNode = FALSE
	EndGlobalSection
	GlobalSection(NestedProjects) = preSolution
		{CCF933F7-7480-413E-9AF6-4C171D5ECA5A} = {C6503C59-318F-4B56-A25E-E59B1ABE5399}
	EndGlobalSection
	GlobalSection(ExtensibilityGlobals) = postSolution
		SolutionGuid = {91DF875D-C4DB-46C7-B065-7CF62F363369}
	EndGlobalSection
EndGlobal
